
Microsoft Visual Studio Solution File, Format Version 12.00
# Visual Studio Version 17
VisualStudioVersion = 17.13.35931.197 d17.13
MinimumVisualStudioVersion = 10.0.40219.1
Project("{FAE04EC0-301F-11D3-BF4B-00C04F79EFBC}") = "WindowsFormsApp1", "WindowsFormsApp1.csproj", "{36A24DD1-E1E5-4DD1-B698-337A910956D4}"
EndProject
Project("{FAE04EC0-301F-11D3-BF4B-00C04F79EFBC}") = "UnitTestProject1", "..\UnitTestProject1\UnitTestProject1.csproj", "{5EAC09C6-CCB1-4970-98B4-47D7AC40A7DB}"
EndProject
Global
	GlobalSection(SolutionConfigurationPlatforms) = preSolution
		Debug|Any CPU = Debug|Any CPU
		Release|Any CPU = Release|Any CPU
	EndGlobalSection
	GlobalSection(ProjectConfigurationPlatforms) = postSolution
		{36A24DD1-E1E5-4DD1-B698-337A910956D4}.Debug|Any CPU.ActiveCfg = Debug|Any CPU
		{36A24DD1-E1E5-4DD1-B698-337A910956D4}.Debug|Any CPU.Build.0 = Debug|Any CPU
		{36A24DD1-E1E5-4DD1-B698-337A910956D4}.Release|Any CPU.ActiveCfg = Release|Any CPU
		{36A24DD1-E1E5-4DD1-B698-337A910956D4}.Release|Any CPU.Build.0 = Release|Any CPU
		{5EAC09C6-CCB1-4970-98B4-47D7AC40A7DB}.Debug|Any CPU.ActiveCfg = Debug|Any CPU
		{5EAC09C6-CCB1-4970-98B4-47D7AC40A7DB}.Debug|Any CPU.Build.0 = Debug|Any CPU
		{5EAC09C6-CCB1-4970-98B4-47D7AC40A7DB}.Release|Any CPU.ActiveCfg = Release|Any CPU
		{5EAC09C6-CCB1-4970-98B4-47D7AC40A7DB}.Release|Any CPU.Build.0 = Release|Any CPU
	EndGlobalSection
	GlobalSection(SolutionProperties) = preSolution
		HideSolutionNode = FALSE
	EndGlobalSection
	GlobalSection(ExtensibilityGlobals) = postSolution
		SolutionGuid = {FF5B4008-473D-4BC9-B5FE-A5B7C179654A}
	EndGlobalSection
EndGlobal
